// !$*UTF8*$!
{
	archiveVersion = 1;
	classes = {
	};
	objectVersion = 55;
	objects = {

/* Begin PBXBuildFile section */
		2E586AED2BDBC28700711A11 /* AppDelegate.swift in Sources */ = {isa = PBXBuildFile; fileRef = 2E586AEC2BDBC28700711A11 /* AppDelegate.swift */; };
		2E586AF62BDBC28800711A11 /* Assets.xcassets in Resources */ = {isa = PBXBuildFile; fileRef = 2E586AF52BDBC28800711A11 /* Assets.xcassets */; };
		2E586AF92BDBC28800711A11 /* LaunchScreen.storyboard in Resources */ = {isa = PBXBuildFile; fileRef = 2E586AF72BDBC28800711A11 /* LaunchScreen.storyboard */; };
		2E7BEAC32BDBCAC4000AAC98 /* WindowPresenter.swift in Sources */ = {isa = PBXBuildFile; fileRef = 2E7BEABF2BDBCAC4000AAC98 /* WindowPresenter.swift */; };
		2E7BEAC42BDBCAC4000AAC98 /* WindowBuilder.swift in Sources */ = {isa = PBXBuildFile; fileRef = 2E7BEAC02BDBCAC4000AAC98 /* WindowBuilder.swift */; };
		2E7BEAC52BDBCAC4000AAC98 /* WindowRouter.swift in Sources */ = {isa = PBXBuildFile; fileRef = 2E7BEAC12BDBCAC4000AAC98 /* WindowRouter.swift */; };
		2E7BEAC62BDBCAC4000AAC98 /* Window.swift in Sources */ = {isa = PBXBuildFile; fileRef = 2E7BEAC22BDBCAC4000AAC98 /* Window.swift */; };
		2E7BEACA2BDBCCAC000AAC98 /* Landing.storyboard in Resources */ = {isa = PBXBuildFile; fileRef = 2E7BEAC92BDBCCAC000AAC98 /* Landing.storyboard */; };
		2E7BEACC2BDBCCCB000AAC98 /* LandingViewController.swift in Sources */ = {isa = PBXBuildFile; fileRef = 2E7BEACB2BDBCCCB000AAC98 /* LandingViewController.swift */; };
		2E7BEACE2BDBCD19000AAC98 /* LandingBuilder.swift in Sources */ = {isa = PBXBuildFile; fileRef = 2E7BEACD2BDBCD19000AAC98 /* LandingBuilder.swift */; };
		2E7BEAD22BDBCE15000AAC98 /* Storyboard+Extension.swift in Sources */ = {isa = PBXBuildFile; fileRef = 2E7BEAD12BDBCE15000AAC98 /* Storyboard+Extension.swift */; };
		2E7BEAD42BDBCE6E000AAC98 /* Storyboards.swift in Sources */ = {isa = PBXBuildFile; fileRef = 2E7BEAD32BDBCE6E000AAC98 /* Storyboards.swift */; };
		2E7BEAD92BDBD678000AAC98 /* InventoryListBuilder.swift in Sources */ = {isa = PBXBuildFile; fileRef = 2E7BEAD82BDBD678000AAC98 /* InventoryListBuilder.swift */; };
		2E7BEADB2BDBD68F000AAC98 /* InventoryListHTTPRouter.swift in Sources */ = {isa = PBXBuildFile; fileRef = 2E7BEADA2BDBD68F000AAC98 /* InventoryListHTTPRouter.swift */; };
		2E7BEADD2BDBD6A0000AAC98 /* InventoryListPresenter.swift in Sources */ = {isa = PBXBuildFile; fileRef = 2E7BEADC2BDBD6A0000AAC98 /* InventoryListPresenter.swift */; };
		2E7BEADF2BDBD6B0000AAC98 /* InventoryListInteractor.swift in Sources */ = {isa = PBXBuildFile; fileRef = 2E7BEADE2BDBD6B0000AAC98 /* InventoryListInteractor.swift */; };
		2E7BEAE12BDBD6BB000AAC98 /* InventoryListRouter.swift in Sources */ = {isa = PBXBuildFile; fileRef = 2E7BEAE02BDBD6BB000AAC98 /* InventoryListRouter.swift */; };
		2E7BEAE32BDBD6D4000AAC98 /* InventoryListViewController.swift in Sources */ = {isa = PBXBuildFile; fileRef = 2E7BEAE22BDBD6D4000AAC98 /* InventoryListViewController.swift */; };
		2E7BEAE52BDBD6DF000AAC98 /* InventoryList.storyboard in Resources */ = {isa = PBXBuildFile; fileRef = 2E7BEAE42BDBD6DF000AAC98 /* InventoryList.storyboard */; };
		2E7BEAE72BDBD6EF000AAC98 /* InventoryListService.swift in Sources */ = {isa = PBXBuildFile; fileRef = 2E7BEAE62BDBD6EF000AAC98 /* InventoryListService.swift */; };
		2E7BEAEB2BDBD811000AAC98 /* HttpService.swift in Sources */ = {isa = PBXBuildFile; fileRef = 2E7BEAEA2BDBD811000AAC98 /* HttpService.swift */; };
		2E7BEAED2BDBD85B000AAC98 /* RequestLogger.swift in Sources */ = {isa = PBXBuildFile; fileRef = 2E7BEAEC2BDBD85B000AAC98 /* RequestLogger.swift */; };
		2E7BEAEF2BDBD87A000AAC98 /* HttpRouter.swift in Sources */ = {isa = PBXBuildFile; fileRef = 2E7BEAEE2BDBD87A000AAC98 /* HttpRouter.swift */; };
		2E7BEAF22BDBD9BD000AAC98 /* DecoderHelper.swift in Sources */ = {isa = PBXBuildFile; fileRef = 2E7BEAF12BDBD9BD000AAC98 /* DecoderHelper.swift */; };
/* End PBXBuildFile section */

/* Begin PBXFileReference section */
		2E586AE92BDBC28700711A11 /* CodeForExample.app */ = {isa = PBXFileReference; explicitFileType = wrapper.application; includeInIndex = 0; path = CodeForExample.app; sourceTree = BUILT_PRODUCTS_DIR; };
		2E586AEC2BDBC28700711A11 /* AppDelegate.swift */ = {isa = PBXFileReference; lastKnownFileType = sourcecode.swift; path = AppDelegate.swift; sourceTree = "<group>"; };
		2E586AF52BDBC28800711A11 /* Assets.xcassets */ = {isa = PBXFileReference; lastKnownFileType = folder.assetcatalog; path = Assets.xcassets; sourceTree = "<group>"; };
		2E586AF82BDBC28800711A11 /* Base */ = {isa = PBXFileReference; lastKnownFileType = file.storyboard; name = Base; path = Base.lproj/LaunchScreen.storyboard; sourceTree = "<group>"; };
		2E586AFA2BDBC28800711A11 /* Info.plist */ = {isa = PBXFileReference; lastKnownFileType = text.plist.xml; path = Info.plist; sourceTree = "<group>"; };
		2E7BEABF2BDBCAC4000AAC98 /* WindowPresenter.swift */ = {isa = PBXFileReference; fileEncoding = 4; lastKnownFileType = sourcecode.swift; path = WindowPresenter.swift; sourceTree = "<group>"; };
		2E7BEAC02BDBCAC4000AAC98 /* WindowBuilder.swift */ = {isa = PBXFileReference; fileEncoding = 4; lastKnownFileType = sourcecode.swift; path = WindowBuilder.swift; sourceTree = "<group>"; };
		2E7BEAC12BDBCAC4000AAC98 /* WindowRouter.swift */ = {isa = PBXFileReference; fileEncoding = 4; lastKnownFileType = sourcecode.swift; path = WindowRouter.swift; sourceTree = "<group>"; };
		2E7BEAC22BDBCAC4000AAC98 /* Window.swift */ = {isa = PBXFileReference; fileEncoding = 4; lastKnownFileType = sourcecode.swift; path = Window.swift; sourceTree = "<group>"; };
		2E7BEAC92BDBCCAC000AAC98 /* Landing.storyboard */ = {isa = PBXFileReference; lastKnownFileType = file.storyboard; path = Landing.storyboard; sourceTree = "<group>"; };
		2E7BEACB2BDBCCCB000AAC98 /* LandingViewController.swift */ = {isa = PBXFileReference; lastKnownFileType = sourcecode.swift; path = LandingViewController.swift; sourceTree = "<group>"; };
		2E7BEACD2BDBCD19000AAC98 /* LandingBuilder.swift */ = {isa = PBXFileReference; lastKnownFileType = sourcecode.swift; path = LandingBuilder.swift; sourceTree = "<group>"; };
		2E7BEAD12BDBCE15000AAC98 /* Storyboard+Extension.swift */ = {isa = PBXFileReference; lastKnownFileType = sourcecode.swift; path = "Storyboard+Extension.swift"; sourceTree = "<group>"; };
		2E7BEAD32BDBCE6E000AAC98 /* Storyboards.swift */ = {isa = PBXFileReference; lastKnownFileType = sourcecode.swift; path = Storyboards.swift; sourceTree = "<group>"; };
		2E7BEAD82BDBD678000AAC98 /* InventoryListBuilder.swift */ = {isa = PBXFileReference; lastKnownFileType = sourcecode.swift; path = InventoryListBuilder.swift; sourceTree = "<group>"; };
		2E7BEADA2BDBD68F000AAC98 /* InventoryListHTTPRouter.swift */ = {isa = PBXFileReference; lastKnownFileType = sourcecode.swift; path = InventoryListHTTPRouter.swift; sourceTree = "<group>"; };
		2E7BEADC2BDBD6A0000AAC98 /* InventoryListPresenter.swift */ = {isa = PBXFileReference; lastKnownFileType = sourcecode.swift; path = InventoryListPresenter.swift; sourceTree = "<group>"; };
		2E7BEADE2BDBD6B0000AAC98 /* InventoryListInteractor.swift */ = {isa = PBXFileReference; lastKnownFileType = sourcecode.swift; path = InventoryListInteractor.swift; sourceTree = "<group>"; };
		2E7BEAE02BDBD6BB000AAC98 /* InventoryListRouter.swift */ = {isa = PBXFileReference; lastKnownFileType = sourcecode.swift; path = InventoryListRouter.swift; sourceTree = "<group>"; };
		2E7BEAE22BDBD6D4000AAC98 /* InventoryListViewController.swift */ = {isa = PBXFileReference; lastKnownFileType = sourcecode.swift; path = InventoryListViewController.swift; sourceTree = "<group>"; };
		2E7BEAE42BDBD6DF000AAC98 /* InventoryList.storyboard */ = {isa = PBXFileReference; lastKnownFileType = file.storyboard; path = InventoryList.storyboard; sourceTree = "<group>"; };
		2E7BEAE62BDBD6EF000AAC98 /* InventoryListService.swift */ = {isa = PBXFileReference; lastKnownFileType = sourcecode.swift; path = InventoryListService.swift; sourceTree = "<group>"; };
		2E7BEAEA2BDBD811000AAC98 /* HttpService.swift */ = {isa = PBXFileReference; lastKnownFileType = sourcecode.swift; path = HttpService.swift; sourceTree = "<group>"; };
		2E7BEAEC2BDBD85B000AAC98 /* RequestLogger.swift */ = {isa = PBXFileReference; lastKnownFileType = sourcecode.swift; path = RequestLogger.swift; sourceTree = "<group>"; };
		2E7BEAEE2BDBD87A000AAC98 /* HttpRouter.swift */ = {isa = PBXFileReference; lastKnownFileType = sourcecode.swift; path = HttpRouter.swift; sourceTree = "<group>"; };
		2E7BEAF12BDBD9BD000AAC98 /* DecoderHelper.swift */ = {isa = PBXFileReference; lastKnownFileType = sourcecode.swift; path = DecoderHelper.swift; sourceTree = "<group>"; };
/* End PBXFileReference section */

/* Begin PBXFrameworksBuildPhase section */
		2E586AE62BDBC28700711A11 /* Frameworks */ = {
			isa = PBXFrameworksBuildPhase;
			buildActionMask = 2147483647;
			files = (
			);
			runOnlyForDeploymentPostprocessing = 0;
		};
/* End PBXFrameworksBuildPhase section */

/* Begin PBXGroup section */
		2E586AE02BDBC28700711A11 = {
			isa = PBXGroup;
			children = (
				2E586AEB2BDBC28700711A11 /* CodeForExample */,
				2E586AEA2BDBC28700711A11 /* Products */,
			);
			sourceTree = "<group>";
		};
		2E586AEA2BDBC28700711A11 /* Products */ = {
			isa = PBXGroup;
			children = (
				2E586AE92BDBC28700711A11 /* CodeForExample.app */,
			);
			name = Products;
			sourceTree = "<group>";
		};
		2E586AEB2BDBC28700711A11 /* CodeForExample */ = {
			isa = PBXGroup;
			children = (
				2E7BEAE82BDBD7E7000AAC98 /* DomainLayer */,
				2E7BEAD52BDBD62F000AAC98 /* PresentationLayer */,
				2E7BEACF2BDBCDD4000AAC98 /* Utility */,
				2E7BEAC82BDBCC98000AAC98 /* Landing */,
				2E7BEAC72BDBCAD8000AAC98 /* Window */,
				2E586B012BDBC2C800711A11 /* Resources */,
				2E586B002BDBC2B300711A11 /* System */,
			);
			path = CodeForExample;
			sourceTree = "<group>";
		};
		2E586B002BDBC2B300711A11 /* System */ = {
			isa = PBXGroup;
			children = (
				2E586AEC2BDBC28700711A11 /* AppDelegate.swift */,
			);
			path = System;
			sourceTree = "<group>";
		};
		2E586B012BDBC2C800711A11 /* Resources */ = {
			isa = PBXGroup;
			children = (
				2E586AF52BDBC28800711A11 /* Assets.xcassets */,
				2E586AF72BDBC28800711A11 /* LaunchScreen.storyboard */,
				2E586AFA2BDBC28800711A11 /* Info.plist */,
			);
			path = Resources;
			sourceTree = "<group>";
		};
		2E7BEAC72BDBCAD8000AAC98 /* Window */ = {
			isa = PBXGroup;
			children = (
				2E7BEAC12BDBCAC4000AAC98 /* WindowRouter.swift */,
				2E7BEAC22BDBCAC4000AAC98 /* Window.swift */,
				2E7BEAC02BDBCAC4000AAC98 /* WindowBuilder.swift */,
				2E7BEABF2BDBCAC4000AAC98 /* WindowPresenter.swift */,
			);
			path = Window;
			sourceTree = "<group>";
		};
		2E7BEAC82BDBCC98000AAC98 /* Landing */ = {
			isa = PBXGroup;
			children = (
				2E7BEAC92BDBCCAC000AAC98 /* Landing.storyboard */,
				2E7BEACB2BDBCCCB000AAC98 /* LandingViewController.swift */,
				2E7BEACD2BDBCD19000AAC98 /* LandingBuilder.swift */,
			);
			path = Landing;
			sourceTree = "<group>";
		};
		2E7BEACF2BDBCDD4000AAC98 /* Utility */ = {
			isa = PBXGroup;
			children = (
				2E7BEAD02BDBCDE3000AAC98 /* Extensions */,
			);
			path = Utility;
			sourceTree = "<group>";
		};
		2E7BEAD02BDBCDE3000AAC98 /* Extensions */ = {
			isa = PBXGroup;
			children = (
				2E7BEAD12BDBCE15000AAC98 /* Storyboard+Extension.swift */,
				2E7BEAD32BDBCE6E000AAC98 /* Storyboards.swift */,
			);
			path = Extensions;
			sourceTree = "<group>";
		};
		2E7BEAD52BDBD62F000AAC98 /* PresentationLayer */ = {
			isa = PBXGroup;
			children = (
				2E7BEAD62BDBD636000AAC98 /* UserStories */,
			);
			path = PresentationLayer;
			sourceTree = "<group>";
		};
		2E7BEAD62BDBD636000AAC98 /* UserStories */ = {
			isa = PBXGroup;
			children = (
				2E7BEAD72BDBD66A000AAC98 /* InventoryList */,
			);
			path = UserStories;
			sourceTree = "<group>";
		};
		2E7BEAD72BDBD66A000AAC98 /* InventoryList */ = {
			isa = PBXGroup;
			children = (
				2E7BEAD82BDBD678000AAC98 /* InventoryListBuilder.swift */,
				2E7BEADA2BDBD68F000AAC98 /* InventoryListHTTPRouter.swift */,
				2E7BEADC2BDBD6A0000AAC98 /* InventoryListPresenter.swift */,
				2E7BEADE2BDBD6B0000AAC98 /* InventoryListInteractor.swift */,
				2E7BEAE02BDBD6BB000AAC98 /* InventoryListRouter.swift */,
				2E7BEAE22BDBD6D4000AAC98 /* InventoryListViewController.swift */,
				2E7BEAE42BDBD6DF000AAC98 /* InventoryList.storyboard */,
				2E7BEAE62BDBD6EF000AAC98 /* InventoryListService.swift */,
			);
			path = InventoryList;
			sourceTree = "<group>";
		};
		2E7BEAE82BDBD7E7000AAC98 /* DomainLayer */ = {
			isa = PBXGroup;
			children = (
				2E7BEAF02BDBD9AF000AAC98 /* DecoderHelper */,
				2E7BEAE92BDBD7FA000AAC98 /* Network */,
			);
			path = DomainLayer;
			sourceTree = "<group>";
		};
		2E7BEAE92BDBD7FA000AAC98 /* Network */ = {
			isa = PBXGroup;
			children = (
				2E7BEAEE2BDBD87A000AAC98 /* HttpRouter.swift */,
				2E7BEAEA2BDBD811000AAC98 /* HttpService.swift */,
				2E7BEAEC2BDBD85B000AAC98 /* RequestLogger.swift */,
			);
			path = Network;
			sourceTree = "<group>";
		};
		2E7BEAF02BDBD9AF000AAC98 /* DecoderHelper */ = {
			isa = PBXGroup;
			children = (
				2E7BEAF12BDBD9BD000AAC98 /* DecoderHelper.swift */,
			);
			path = DecoderHelper;
			sourceTree = "<group>";
		};
/* End PBXGroup section */

/* Begin PBXNativeTarget section */
		2E586AE82BDBC28700711A11 /* CodeForExample */ = {
			isa = PBXNativeTarget;
			buildConfigurationList = 2E586AFD2BDBC28800711A11 /* Build configuration list for PBXNativeTarget "CodeForExample" */;
			buildPhases = (
				2E586AE52BDBC28700711A11 /* Sources */,
				2E586AE62BDBC28700711A11 /* Frameworks */,
				2E586AE72BDBC28700711A11 /* Resources */,
			);
			buildRules = (
			);
			dependencies = (
			);
			name = CodeForExample;
			productName = CodeForExample;
			productReference = 2E586AE92BDBC28700711A11 /* CodeForExample.app */;
			productType = "com.apple.product-type.application";
		};
/* End PBXNativeTarget section */

/* Begin PBXProject section */
		2E586AE12BDBC28700711A11 /* Project object */ = {
			isa = PBXProject;
			attributes = {
				BuildIndependentTargetsInParallel = 1;
				LastSwiftUpdateCheck = 1340;
				LastUpgradeCheck = 1340;
				TargetAttributes = {
					2E586AE82BDBC28700711A11 = {
						CreatedOnToolsVersion = 13.4.1;
					};
				};
			};
			buildConfigurationList = 2E586AE42BDBC28700711A11 /* Build configuration list for PBXProject "CodeForExample" */;
			compatibilityVersion = "Xcode 13.0";
			developmentRegion = en;
			hasScannedForEncodings = 0;
			knownRegions = (
				en,
				Base,
			);
			mainGroup = 2E586AE02BDBC28700711A11;
			productRefGroup = 2E586AEA2BDBC28700711A11 /* Products */;
			projectDirPath = "";
			projectRoot = "";
			targets = (
				2E586AE82BDBC28700711A11 /* CodeForExample */,
			);
		};
/* End PBXProject section */

/* Begin PBXResourcesBuildPhase section */
		2E586AE72BDBC28700711A11 /* Resources */ = {
			isa = PBXResourcesBuildPhase;
			buildActionMask = 2147483647;
			files = (
				2E7BEACA2BDBCCAC000AAC98 /* Landing.storyboard in Resources */,
				2E7BEAE52BDBD6DF000AAC98 /* InventoryList.storyboard in Resources */,
				2E586AF92BDBC28800711A11 /* LaunchScreen.storyboard in Resources */,
				2E586AF62BDBC28800711A11 /* Assets.xcassets in Resources */,
			);
			runOnlyForDeploymentPostprocessing = 0;
		};
/* End PBXResourcesBuildPhase section */

/* Begin PBXSourcesBuildPhase section */
		2E586AE52BDBC28700711A11 /* Sources */ = {
			isa = PBXSourcesBuildPhase;
			buildActionMask = 2147483647;
			files = (
				2E7BEAE72BDBD6EF000AAC98 /* InventoryListService.swift in Sources */,
				2E7BEADF2BDBD6B0000AAC98 /* InventoryListInteractor.swift in Sources */,
				2E7BEAE12BDBD6BB000AAC98 /* InventoryListRouter.swift in Sources */,
				2E7BEAC32BDBCAC4000AAC98 /* WindowPresenter.swift in Sources */,
				2E7BEAF22BDBD9BD000AAC98 /* DecoderHelper.swift in Sources */,
				2E7BEAC62BDBCAC4000AAC98 /* Window.swift in Sources */,
				2E7BEACE2BDBCD19000AAC98 /* LandingBuilder.swift in Sources */,
				2E7BEAEF2BDBD87A000AAC98 /* HttpRouter.swift in Sources */,
				2E7BEAC42BDBCAC4000AAC98 /* WindowBuilder.swift in Sources */,
				2E7BEAC52BDBCAC4000AAC98 /* WindowRouter.swift in Sources */,
				2E7BEAEB2BDBD811000AAC98 /* HttpService.swift in Sources */,
				2E7BEACC2BDBCCCB000AAC98 /* LandingViewController.swift in Sources */,
				2E7BEAD92BDBD678000AAC98 /* InventoryListBuilder.swift in Sources */,
				2E7BEAD42BDBCE6E000AAC98 /* Storyboards.swift in Sources */,
				2E7BEAE32BDBD6D4000AAC98 /* InventoryListViewController.swift in Sources */,
				2E7BEAD22BDBCE15000AAC98 /* Storyboard+Extension.swift in Sources */,
				2E7BEADD2BDBD6A0000AAC98 /* InventoryListPresenter.swift in Sources */,
				2E586AED2BDBC28700711A11 /* AppDelegate.swift in Sources */,
				2E7BEADB2BDBD68F000AAC98 /* InventoryListHTTPRouter.swift in Sources */,
				2E7BEAED2BDBD85B000AAC98 /* RequestLogger.swift in Sources */,
			);
			runOnlyForDeploymentPostprocessing = 0;
		};
/* End PBXSourcesBuildPhase section */

/* Begin PBXVariantGroup section */
		2E586AF72BDBC28800711A11 /* LaunchScreen.storyboard */ = {
			isa = PBXVariantGroup;
			children = (
				2E586AF82BDBC28800711A11 /* Base */,
			);
			name = LaunchScreen.storyboard;
			sourceTree = "<group>";
		};
/* End PBXVariantGroup section */

/* Begin XCBuildConfiguration section */
		2E586AFB2BDBC28800711A11 /* Debug */ = {
			isa = XCBuildConfiguration;
			buildSettings = {
				ALWAYS_SEARCH_USER_PATHS = NO;
				CLANG_ANALYZER_NONNULL = YES;
				CLANG_ANALYZER_NUMBER_OBJECT_CONVERSION = YES_AGGRESSIVE;
				CLANG_CXX_LANGUAGE_STANDARD = "gnu++17";
				CLANG_ENABLE_MODULES = YES;
				CLANG_ENABLE_OBJC_ARC = YES;
				CLANG_ENABLE_OBJC_WEAK = YES;
				CLANG_WARN_BLOCK_CAPTURE_AUTORELEASING = YES;
				CLANG_WARN_BOOL_CONVERSION = YES;
				CLANG_WARN_COMMA = YES;
				CLANG_WARN_CONSTANT_CONVERSION = YES;
				CLANG_WARN_DEPRECATED_OBJC_IMPLEMENTATIONS = YES;
				CLANG_WARN_DIRECT_OBJC_ISA_USAGE = YES_ERROR;
				CLANG_WARN_DOCUMENTATION_COMMENTS = YES;
				CLANG_WARN_EMPTY_BODY = YES;
				CLANG_WARN_ENUM_CONVERSION = YES;
				CLANG_WARN_INFINITE_RECURSION = YES;
				CLANG_WARN_INT_CONVERSION = YES;
				CLANG_WARN_NON_LITERAL_NULL_CONVERSION = YES;
				CLANG_WARN_OBJC_IMPLICIT_RETAIN_SELF = YES;
				CLANG_WARN_OBJC_LITERAL_CONVERSION = YES;
				CLANG_WARN_OBJC_ROOT_CLASS = YES_ERROR;
				CLANG_WARN_QUOTED_INCLUDE_IN_FRAMEWORK_HEADER = YES;
				CLANG_WARN_RANGE_LOOP_ANALYSIS = YES;
				CLANG_WARN_STRICT_PROTOTYPES = YES;
				CLANG_WARN_SUSPICIOUS_MOVE = YES;
				CLANG_WARN_UNGUARDED_AVAILABILITY = YES_AGGRESSIVE;
				CLANG_WARN_UNREACHABLE_CODE = YES;
				CLANG_WARN__DUPLICATE_METHOD_MATCH = YES;
				COPY_PHASE_STRIP = NO;
				DEBUG_INFORMATION_FORMAT = dwarf;
				ENABLE_STRICT_OBJC_MSGSEND = YES;
				ENABLE_TESTABILITY = YES;
				GCC_C_LANGUAGE_STANDARD = gnu11;
				GCC_DYNAMIC_NO_PIC = NO;
				GCC_NO_COMMON_BLOCKS = YES;
				GCC_OPTIMIZATION_LEVEL = 0;
				GCC_PREPROCESSOR_DEFINITIONS = (
					"DEBUG=1",
					"$(inherited)",
				);
				GCC_WARN_64_TO_32_BIT_CONVERSION = YES;
				GCC_WARN_ABOUT_RETURN_TYPE = YES_ERROR;
				GCC_WARN_UNDECLARED_SELECTOR = YES;
				GCC_WARN_UNINITIALIZED_AUTOS = YES_AGGRESSIVE;
				GCC_WARN_UNUSED_FUNCTION = YES;
				GCC_WARN_UNUSED_VARIABLE = YES;
				IPHONEOS_DEPLOYMENT_TARGET = 15.5;
				MTL_ENABLE_DEBUG_INFO = INCLUDE_SOURCE;
				MTL_FAST_MATH = YES;
				ONLY_ACTIVE_ARCH = YES;
				SDKROOT = iphoneos;
				SWIFT_ACTIVE_COMPILATION_CONDITIONS = DEBUG;
				SWIFT_OPTIMIZATION_LEVEL = "-Onone";
			};
			name = Debug;
		};
		2E586AFC2BDBC28800711A11 /* Release */ = {
			isa = XCBuildConfiguration;
			buildSettings = {
				ALWAYS_SEARCH_USER_PATHS = NO;
				CLANG_ANALYZER_NONNULL = YES;
				CLANG_ANALYZER_NUMBER_OBJECT_CONVERSION = YES_AGGRESSIVE;
				CLANG_CXX_LANGUAGE_STANDARD = "gnu++17";
				CLANG_ENABLE_MODULES = YES;
				CLANG_ENABLE_OBJC_ARC = YES;
				CLANG_ENABLE_OBJC_WEAK = YES;
				CLANG_WARN_BLOCK_CAPTURE_AUTORELEASING = YES;
				CLANG_WARN_BOOL_CONVERSION = YES;
				CLANG_WARN_COMMA = YES;
				CLANG_WARN_CONSTANT_CONVERSION = YES;
				CLANG_WARN_DEPRECATED_OBJC_IMPLEMENTATIONS = YES;
				CLANG_WARN_DIRECT_OBJC_ISA_USAGE = YES_ERROR;
				CLANG_WARN_DOCUMENTATION_COMMENTS = YES;
				CLANG_WARN_EMPTY_BODY = YES;
				CLANG_WARN_ENUM_CONVERSION = YES;
				CLANG_WARN_INFINITE_RECURSION = YES;
				CLANG_WARN_INT_CONVERSION = YES;
				CLANG_WARN_NON_LITERAL_NULL_CONVERSION = YES;
				CLANG_WARN_OBJC_IMPLICIT_RETAIN_SELF = YES;
				CLANG_WARN_OBJC_LITERAL_CONVERSION = YES;
				CLANG_WARN_OBJC_ROOT_CLASS = YES_ERROR;
				CLANG_WARN_QUOTED_INCLUDE_IN_FRAMEWORK_HEADER = YES;
				CLANG_WARN_RANGE_LOOP_ANALYSIS = YES;
				CLANG_WARN_STRICT_PROTOTYPES = YES;
				CLANG_WARN_SUSPICIOUS_MOVE = YES;
				CLANG_WARN_UNGUARDED_AVAILABILITY = YES_AGGRESSIVE;
				CLANG_WARN_UNREACHABLE_CODE = YES;
				CLANG_WARN__DUPLICATE_METHOD_MATCH = YES;
				COPY_PHASE_STRIP = NO;
				DEBUG_INFORMATION_FORMAT = "dwarf-with-dsym";
				ENABLE_NS_ASSERTIONS = NO;
				ENABLE_STRICT_OBJC_MSGSEND = YES;
				GCC_C_LANGUAGE_STANDARD = gnu11;
				GCC_NO_COMMON_BLOCKS = YES;
				GCC_WARN_64_TO_32_BIT_CONVERSION = YES;
				GCC_WARN_ABOUT_RETURN_TYPE = YES_ERROR;
				GCC_WARN_UNDECLARED_SELECTOR = YES;
				GCC_WARN_UNINITIALIZED_AUTOS = YES_AGGRESSIVE;
				GCC_WARN_UNUSED_FUNCTION = YES;
				GCC_WARN_UNUSED_VARIABLE = YES;
				IPHONEOS_DEPLOYMENT_TARGET = 15.5;
				MTL_ENABLE_DEBUG_INFO = NO;
				MTL_FAST_MATH = YES;
				SDKROOT = iphoneos;
				SWIFT_COMPILATION_MODE = wholemodule;
				SWIFT_OPTIMIZATION_LEVEL = "-O";
				VALIDATE_PRODUCT = YES;
			};
			name = Release;
		};
		2E586AFE2BDBC28800711A11 /* Debug */ = {
			isa = XCBuildConfiguration;
			buildSettings = {
				ASSETCATALOG_COMPILER_APPICON_NAME = AppIcon;
				ASSETCATALOG_COMPILER_GLOBAL_ACCENT_COLOR_NAME = AccentColor;
				CODE_SIGN_STYLE = Automatic;
				CURRENT_PROJECT_VERSION = 1;
				DEVELOPMENT_TEAM = 683RP8LDM9;
				GENERATE_INFOPLIST_FILE = YES;
				INFOPLIST_FILE = CodeForExample/Resources/Info.plist;
				INFOPLIST_KEY_UIApplicationSupportsIndirectInputEvents = YES;
				INFOPLIST_KEY_UILaunchStoryboardName = LaunchScreen;
				INFOPLIST_KEY_UISupportedInterfaceOrientations_iPad = "UIInterfaceOrientationPortrait UIInterfaceOrientationPortraitUpsideDown UIInterfaceOrientationLandscapeLeft UIInterfaceOrientationLandscapeRight";
				INFOPLIST_KEY_UISupportedInterfaceOrientations_iPhone = "UIInterfaceOrientationPortrait UIInterfaceOrientationLandscapeLeft UIInterfaceOrientationLandscapeRight";
				LD_RUNPATH_SEARCH_PATHS = (
					"$(inherited)",
					"@executable_path/Frameworks",
				);
				MARKETING_VERSION = 1.0;
				PRODUCT_BUNDLE_IDENTIFIER = com.CodeForExample;
				PRODUCT_NAME = "$(TARGET_NAME)";
				SWIFT_EMIT_LOC_STRINGS = YES;
				SWIFT_VERSION = 5.0;
				TARGETED_DEVICE_FAMILY = "1,2";
			};
			name = Debug;
		};
		2E586AFF2BDBC28800711A11 /* Release */ = {
			isa = XCBuildConfiguration;
			buildSettings = {
				ASSETCATALOG_COMPILER_APPICON_NAME = AppIcon;
				ASSETCATALOG_COMPILER_GLOBAL_ACCENT_COLOR_NAME = AccentColor;
				CODE_SIGN_STYLE = Automatic;
				CURRENT_PROJECT_VERSION = 1;
				DEVELOPMENT_TEAM = 683RP8LDM9;
				GENERATE_INFOPLIST_FILE = YES;
				INFOPLIST_FILE = CodeForExample/Resources/Info.plist;
				INFOPLIST_KEY_UIApplicationSupportsIndirectInputEvents = YES;
				INFOPLIST_KEY_UILaunchStoryboardName = LaunchScreen;
				INFOPLIST_KEY_UISupportedInterfaceOrientations_iPad = "UIInterfaceOrientationPortrait UIInterfaceOrientationPortraitUpsideDown UIInterfaceOrientationLandscapeLeft UIInterfaceOrientationLandscapeRight";
				INFOPLIST_KEY_UISupportedInterfaceOrientations_iPhone = "UIInterfaceOrientationPortrait UIInterfaceOrientationLandscapeLeft UIInterfaceOrientationLandscapeRight";
				LD_RUNPATH_SEARCH_PATHS = (
					"$(inherited)",
					"@executable_path/Frameworks",
				);
				MARKETING_VERSION = 1.0;
				PRODUCT_BUNDLE_IDENTIFIER = com.CodeForExample;
				PRODUCT_NAME = "$(TARGET_NAME)";
				SWIFT_EMIT_LOC_STRINGS = YES;
				SWIFT_VERSION = 5.0;
				TARGETED_DEVICE_FAMILY = "1,2";
			};
			name = Release;
		};
/* End XCBuildConfiguration section */

/* Begin XCConfigurationList section */
		2E586AE42BDBC28700711A11 /* Build configuration list for PBXProject "CodeForExample" */ = {
			isa = XCConfigurationList;
			buildConfigurations = (
				2E586AFB2BDBC28800711A11 /* Debug */,
				2E586AFC2BDBC28800711A11 /* Release */,
			);
			defaultConfigurationIsVisible = 0;
			defaultConfigurationName = Release;
		};
		2E586AFD2BDBC28800711A11 /* Build configuration list for PBXNativeTarget "CodeForExample" */ = {
			isa = XCConfigurationList;
			buildConfigurations = (
				2E586AFE2BDBC28800711A11 /* Debug */,
				2E586AFF2BDBC28800711A11 /* Release */,
			);
			defaultConfigurationIsVisible = 0;
			defaultConfigurationName = Release;
		};
/* End XCConfigurationList section */
	};
	rootObject = 2E586AE12BDBC28700711A11 /* Project object */;
}
